
Microsoft Visual Studio Solution File, Format Version 10.00
# Visual Studio 2008
Project("{2150E333-8FDC-42A3-9474-1A3956D46DE8}") = "application", "application", "{3F14FACA-5120-45EF-AE68-76C42DFB3351}"
EndProject
Project("{2150E333-8FDC-42A3-9474-1A3956D46DE8}") = "datagen", "datagen", "{5D345B9A-0749-4EC8-87A3-C8F078E73B74}"
EndProject
Project("{2150E333-8FDC-42A3-9474-1A3956D46DE8}") = "library", "library", "{E319BD4B-3C85-43E6-B2E6-0F862550AC8F}"
EndProject
Project("{8BC9CEB8-8B4A-11D0-8D11-00A0C91BC942}") = "bil", "bil\bil.vcproj", "{5AC0D3E8-0B52-4DB0-AE25-19BBF24130CF}"
EndProject
Project("{8BC9CEB8-8B4A-11D0-8D11-00A0C91BC942}") = "bit2xml", "bit2xml\bit2xml.vcproj", "{4642FD55-D844-40AE-9629-0E30394241C6}"
EndProject
Project("{8BC9CEB8-8B4A-11D0-8D11-00A0C91BC942}") = "bitextract", "bitextract\bitextract.vcproj", "{476F00DE-5CE9-4EF9-A30C-9CC224BB81E4}"
EndProject
Project("{8BC9CEB8-8B4A-11D0-8D11-00A0C91BC942}") = "bitreverse", "bitreverse\bitreverse.vcproj", "{988A1954-576F-4BAD-ACB9-0D72E5836772}"
EndProject
Project("{8BC9CEB8-8B4A-11D0-8D11-00A0C91BC942}") = "v5data_gen", "v5data_gen\v5data_gen.vcproj", "{606024BC-A56A-44B1-B1EE-4D83992B22F2}"
EndProject
Project("{8BC9CEB8-8B4A-11D0-8D11-00A0C91BC942}") = "xdlrc_convert", "xdlrc_convert\xdlrc_convert.vcproj", "{2D7FAFE7-FA28-49DF-8A72-6969DDC4CF0B}"
EndProject
Project("{8BC9CEB8-8B4A-11D0-8D11-00A0C91BC942}") = "v5cfgmap_gen", "v5cfgmap_gen\v5cfgmap_gen.vcproj", "{905D11FF-829C-4B4D-ABEF-270C140C2DBB}"
EndProject
Project("{8BC9CEB8-8B4A-11D0-8D11-00A0C91BC942}") = "bitcorrelate", "bitcorrelate\bitcorrelate.vcproj", "{4199AD1F-8AD3-4DA9-8876-D12DF28DDED6}"
EndProject
Project("{8BC9CEB8-8B4A-11D0-8D11-00A0C91BC942}") = "xdlcmp", "xdlcmp\xdlcmp.vcproj", "{22528CD4-5381-4F22-9402-68154B963665}"
EndProject
Global
	GlobalSection(SolutionConfigurationPlatforms) = preSolution
		Debug|Win32 = Debug|Win32
		Release|Win32 = Release|Win32
	EndGlobalSection
	GlobalSection(ProjectConfigurationPlatforms) = postSolution
		{4642FD55-D844-40AE-9629-0E30394241C6}.Debug|Win32.ActiveCfg = Debug|Win32
		{4642FD55-D844-40AE-9629-0E30394241C6}.Debug|Win32.Build.0 = Debug|Win32
		{4642FD55-D844-40AE-9629-0E30394241C6}.Release|Win32.ActiveCfg = Release|Win32
		{4642FD55-D844-40AE-9629-0E30394241C6}.Release|Win32.Build.0 = Release|Win32
		{4199AD1F-8AD3-4DA9-8876-D12DF28DDED6}.Debug|Win32.ActiveCfg = Debug|Win32
		{4199AD1F-8AD3-4DA9-8876-D12DF28DDED6}.Debug|Win32.Build.0 = Debug|Win32
		{4199AD1F-8AD3-4DA9-8876-D12DF28DDED6}.Release|Win32.ActiveCfg = Release|Win32
		{4199AD1F-8AD3-4DA9-8876-D12DF28DDED6}.Release|Win32.Build.0 = Release|Win32
		{476F00DE-5CE9-4EF9-A30C-9CC224BB81E4}.Debug|Win32.ActiveCfg = Debug|Win32
		{476F00DE-5CE9-4EF9-A30C-9CC224BB81E4}.Debug|Win32.Build.0 = Debug|Win32
		{476F00DE-5CE9-4EF9-A30C-9CC224BB81E4}.Release|Win32.ActiveCfg = Release|Win32
		{476F00DE-5CE9-4EF9-A30C-9CC224BB81E4}.Release|Win32.Build.0 = Release|Win32
		{988A1954-576F-4BAD-ACB9-0D72E5836772}.Debug|Win32.ActiveCfg = Debug|Win32
		{988A1954-576F-4BAD-ACB9-0D72E5836772}.Debug|Win32.Build.0 = Debug|Win32
		{988A1954-576F-4BAD-ACB9-0D72E5836772}.Release|Win32.ActiveCfg = Release|Win32
		{988A1954-576F-4BAD-ACB9-0D72E5836772}.Release|Win32.Build.0 = Release|Win32
		{905D11FF-829C-4B4D-ABEF-270C140C2DBB}.Debug|Win32.ActiveCfg = Debug|Win32
		{905D11FF-829C-4B4D-ABEF-270C140C2DBB}.Debug|Win32.Build.0 = Debug|Win32
		{905D11FF-829C-4B4D-ABEF-270C140C2DBB}.Release|Win32.ActiveCfg = Release|Win32
		{905D11FF-829C-4B4D-ABEF-270C140C2DBB}.Release|Win32.Build.0 = Release|Win32
		{606024BC-A56A-44B1-B1EE-4D83992B22F2}.Debug|Win32.ActiveCfg = Debug|Win32
		{606024BC-A56A-44B1-B1EE-4D83992B22F2}.Debug|Win32.Build.0 = Debug|Win32
		{606024BC-A56A-44B1-B1EE-4D83992B22F2}.Release|Win32.ActiveCfg = Release|Win32
		{606024BC-A56A-44B1-B1EE-4D83992B22F2}.Release|Win32.Build.0 = Release|Win32
		{2D7FAFE7-FA28-49DF-8A72-6969DDC4CF0B}.Debug|Win32.ActiveCfg = Debug|Win32
		{2D7FAFE7-FA28-49DF-8A72-6969DDC4CF0B}.Debug|Win32.Build.0 = Debug|Win32
		{2D7FAFE7-FA28-49DF-8A72-6969DDC4CF0B}.Release|Win32.ActiveCfg = Release|Win32
		{2D7FAFE7-FA28-49DF-8A72-6969DDC4CF0B}.Release|Win32.Build.0 = Release|Win32
		{5AC0D3E8-0B52-4DB0-AE25-19BBF24130CF}.Debug|Win32.ActiveCfg = Debug|Win32
		{5AC0D3E8-0B52-4DB0-AE25-19BBF24130CF}.Debug|Win32.Build.0 = Debug|Win32
		{5AC0D3E8-0B52-4DB0-AE25-19BBF24130CF}.Release|Win32.ActiveCfg = Release|Win32
		{5AC0D3E8-0B52-4DB0-AE25-19BBF24130CF}.Release|Win32.Build.0 = Release|Win32
		{22528CD4-5381-4F22-9402-68154B963665}.Debug|Win32.ActiveCfg = Debug|Win32
		{22528CD4-5381-4F22-9402-68154B963665}.Debug|Win32.Build.0 = Debug|Win32
		{22528CD4-5381-4F22-9402-68154B963665}.Release|Win32.ActiveCfg = Release|Win32
		{22528CD4-5381-4F22-9402-68154B963665}.Release|Win32.Build.0 = Release|Win32
	EndGlobalSection
	GlobalSection(SolutionProperties) = preSolution
		HideSolutionNode = FALSE
	EndGlobalSection
	GlobalSection(NestedProjects) = preSolution
		{4642FD55-D844-40AE-9629-0E30394241C6} = {3F14FACA-5120-45EF-AE68-76C42DFB3351}
		{476F00DE-5CE9-4EF9-A30C-9CC224BB81E4} = {3F14FACA-5120-45EF-AE68-76C42DFB3351}
		{988A1954-576F-4BAD-ACB9-0D72E5836772} = {3F14FACA-5120-45EF-AE68-76C42DFB3351}
		{22528CD4-5381-4F22-9402-68154B963665} = {3F14FACA-5120-45EF-AE68-76C42DFB3351}
		{4199AD1F-8AD3-4DA9-8876-D12DF28DDED6} = {5D345B9A-0749-4EC8-87A3-C8F078E73B74}
		{905D11FF-829C-4B4D-ABEF-270C140C2DBB} = {5D345B9A-0749-4EC8-87A3-C8F078E73B74}
		{606024BC-A56A-44B1-B1EE-4D83992B22F2} = {5D345B9A-0749-4EC8-87A3-C8F078E73B74}
		{2D7FAFE7-FA28-49DF-8A72-6969DDC4CF0B} = {5D345B9A-0749-4EC8-87A3-C8F078E73B74}
		{5AC0D3E8-0B52-4DB0-AE25-19BBF24130CF} = {E319BD4B-3C85-43E6-B2E6-0F862550AC8F}
	EndGlobalSection
EndGlobal
